github.com/godbus/dbus/v5 v5.0.3 h1:ZqHaoEF7TBzh4jzPmqVhE/5A1z9of6orkAe5uHoAeME=
github.com/godbus/dbus/v5 v5.0.3/go.mod h1:xhWf0FNVPg57R7Z0UbKHbJfkEywrmjJnf7w5xrFpKfA=
github.com/gotk3/gotk3 v0.5.3-0.20210326060404-6328e5470ece h1:97BTiWMRSBA/fkg4irBHzQPv8E30dIUThuAtQn/MK6Q=
github.com/gotk3/gotk3 v0.5.3-0.20210326060404-6328e5470ece/go.mod h1:/hqFpkNa9T3JgNAE2fLvCdov7c5bw//FHNZrZ3Uv9/Q=
github.com/hanwen/go-fuse v1.0.0 h1:GxS9Zrn6c35/BnfiVsZVWmsG803xwE7eVRDvcf/BEVc=
github.com/hanwen/go-fuse v1.0.0/go.mod h1:unqXarDXqzAk0rt98O2tVndEPIpUgLD9+rwFisZH3Ok=
github.com/hanwen/go-fuse/v2 v2.0.3 h1:kpV28BKeSyVgZREItBLnaVBvOEwv2PuhNdKetwnvNHo=
github.com/hanwen/go-fuse/v2 v2.0.3/go.mod h1:0EQM6aH2ctVpvZ6a+onrQ/vaykxh2GH7hy3e13vzTUY=
github.com/kylelemons/godebug v0.0.0-20170820004349-d65d576e9348/go.mod h1:B69LEHPfb2qLo0BaaOLcbitczOKLWTsrBG9LczfCD4k=
github.com/mattn/go-gtk v0.0.0-20191030024613-af2e013261f5 h1:GMB3MVJnxysGrSvjWGsgK8L3XGI3F4etQQq37Py6W5A=
github.com/mattn/go-gtk v0.0.0-20191030024613-af2e013261f5/go.mod h1:PwzwfeB5syFHXORC3MtPylVcjIoTDT/9cvkKpEndGVI=
github.com/mattn/go-pointer v0.0.1 h1:n+XhsuGeVO6MEAp7xyEukFINEa+Quek5psIR/ylA6o0=
github.com/mattn/go-pointer v0.0.1/go.mod h1:2zXcozF6qYGgmsG+SeTZz3oAbFLdD3OWqnUbNvJZAlc=
github.com/pallavagarwal07/libfprint-go v0.0.0-20210314103458-73ad709974bb h1:vvIwcULaupglwEdSopRZvWYhPHEjPbTVjgo9RIh8Dyg=
github.com/pallavagarwal07/libfprint-go v0.0.0-20210314103458-73ad709974bb/go.mod h1:7MeDw7NMlWaZlIsaFFLGPyXZwF+MilaKblnPUrhp9Is=
github.com/pallavagarwal07/libfprint-go v0.0.0-20210314104522-ae9def94778c h1:ofguqbY9yqypY0e7IxqmIoRRlqkc2x5IeoJ/l2qaDL0=
github.com/pallavagarwal07/libfprint-go v0.0.0-20210314104522-ae9def94778c/go.mod h1:7MeDw7NMlWaZlIsaFFLGPyXZwF+MilaKblnPUrhp9Is=
github.com/pallavagarwal07/mirror-fs v0.0.0-20210327140719-73dd185c3c0a h1:G4wnaZ1yF2lVx3tvvceDUeIYEXqC7tloJ26Z+MPrzNU=
github.com/pallavagarwal07/mirror-fs v0.0.0-20210327140719-73dd185c3c0a/go.mod h1:4aQ0jsGwl50rnsaZc/zLpx9Nhx7Hh4VEmYPBBLkMqMY=
golang.org/x/sys v0.0.0-20180830151530-49385e6e1522 h1:Ve1ORMCxvRmSXBwJK+t3Oy+V2vRW2OetUQBq4rJIkZE=
golang.org/x/sys v0.0.0-20180830151530-49385e6e1522/go.mod h1:STP8DvDyc/dI5b8T5hshtkjS+E42TnysNCUPdjciGhY=
